// !$*UTF8*$!
{
	archiveVersion = 1;
	classes = {
	};
	objectVersion = 50;
	objects = {

/* Begin PBXBuildFile section */
		90722104BCB2D3B8CDFC42A4 /* Pods_Smack.framework in Frameworks */ = {isa = PBXBuildFile; fileRef = 688D220486448EC460F4671E /* Pods_Smack.framework */; };
		CE6DBCD82114275A00041082 /* AppDelegate.swift in Sources */ = {isa = PBXBuildFile; fileRef = CE6DBCD72114275A00041082 /* AppDelegate.swift */; };
		CE6DBCDD2114275A00041082 /* Main.storyboard in Resources */ = {isa = PBXBuildFile; fileRef = CE6DBCDB2114275A00041082 /* Main.storyboard */; };
		CE6DBCDF2114275B00041082 /* Assets.xcassets in Resources */ = {isa = PBXBuildFile; fileRef = CE6DBCDE2114275B00041082 /* Assets.xcassets */; };
		CE6DBCE22114275B00041082 /* LaunchScreen.storyboard in Resources */ = {isa = PBXBuildFile; fileRef = CE6DBCE02114275B00041082 /* LaunchScreen.storyboard */; };
		CE6DBCED2114325700041082 /* SWRevealViewController.m in Sources */ = {isa = PBXBuildFile; fileRef = CE6DBCEC2114325700041082 /* SWRevealViewController.m */; };
		CE6DBCF22114362700041082 /* ChatVC.swift in Sources */ = {isa = PBXBuildFile; fileRef = CE6DBCF12114362700041082 /* ChatVC.swift */; };
		CE6DBCF42114363700041082 /* ChannelVC.swift in Sources */ = {isa = PBXBuildFile; fileRef = CE6DBCF32114363700041082 /* ChannelVC.swift */; };
		CE6DBCF621146DEC00041082 /* GradiantView.swift in Sources */ = {isa = PBXBuildFile; fileRef = CE6DBCF521146DEC00041082 /* GradiantView.swift */; };
		CE6DBCF92114777800041082 /* Constants.swift in Sources */ = {isa = PBXBuildFile; fileRef = CE6DBCF82114777800041082 /* Constants.swift */; };
		CE6DBCFB21155E3400041082 /* LoginVC.swift in Sources */ = {isa = PBXBuildFile; fileRef = CE6DBCFA21155E3400041082 /* LoginVC.swift */; };
/* End PBXBuildFile section */

/* Begin PBXFileReference section */
		50D64583A44466D10A0BCEEC /* Pods-Smack.debug.xcconfig */ = {isa = PBXFileReference; includeInIndex = 1; lastKnownFileType = text.xcconfig; name = "Pods-Smack.debug.xcconfig"; path = "Pods/Target Support Files/Pods-Smack/Pods-Smack.debug.xcconfig"; sourceTree = "<group>"; };
		688D220486448EC460F4671E /* Pods_Smack.framework */ = {isa = PBXFileReference; explicitFileType = wrapper.framework; includeInIndex = 0; path = Pods_Smack.framework; sourceTree = BUILT_PRODUCTS_DIR; };
		AA71138FF5A7845CA822EBA5 /* Pods-Smack.release.xcconfig */ = {isa = PBXFileReference; includeInIndex = 1; lastKnownFileType = text.xcconfig; name = "Pods-Smack.release.xcconfig"; path = "Pods/Target Support Files/Pods-Smack/Pods-Smack.release.xcconfig"; sourceTree = "<group>"; };
		CE6DBCD42114275A00041082 /* Smack.app */ = {isa = PBXFileReference; explicitFileType = wrapper.application; includeInIndex = 0; path = Smack.app; sourceTree = BUILT_PRODUCTS_DIR; };
		CE6DBCD72114275A00041082 /* AppDelegate.swift */ = {isa = PBXFileReference; lastKnownFileType = sourcecode.swift; path = AppDelegate.swift; sourceTree = "<group>"; };
		CE6DBCDC2114275A00041082 /* Base */ = {isa = PBXFileReference; lastKnownFileType = file.storyboard; name = Base; path = Base.lproj/Main.storyboard; sourceTree = "<group>"; };
		CE6DBCDE2114275B00041082 /* Assets.xcassets */ = {isa = PBXFileReference; lastKnownFileType = folder.assetcatalog; path = Assets.xcassets; sourceTree = "<group>"; };
		CE6DBCE12114275B00041082 /* Base */ = {isa = PBXFileReference; lastKnownFileType = file.storyboard; name = Base; path = Base.lproj/LaunchScreen.storyboard; sourceTree = "<group>"; };
		CE6DBCE32114275B00041082 /* Info.plist */ = {isa = PBXFileReference; lastKnownFileType = text.plist.xml; path = Info.plist; sourceTree = "<group>"; };
		CE6DBCEA2114325500041082 /* Smack-Bridging-Header.h */ = {isa = PBXFileReference; lastKnownFileType = sourcecode.c.h; path = "Smack-Bridging-Header.h"; sourceTree = "<group>"; };
		CE6DBCEB2114325600041082 /* SWRevealViewController.h */ = {isa = PBXFileReference; fileEncoding = 4; lastKnownFileType = sourcecode.c.h; path = SWRevealViewController.h; sourceTree = "<group>"; };
		CE6DBCEC2114325700041082 /* SWRevealViewController.m */ = {isa = PBXFileReference; fileEncoding = 4; lastKnownFileType = sourcecode.c.objc; path = SWRevealViewController.m; sourceTree = "<group>"; };
		CE6DBCF12114362700041082 /* ChatVC.swift */ = {isa = PBXFileReference; lastKnownFileType = sourcecode.swift; path = ChatVC.swift; sourceTree = "<group>"; };
		CE6DBCF32114363700041082 /* ChannelVC.swift */ = {isa = PBXFileReference; lastKnownFileType = sourcecode.swift; path = ChannelVC.swift; sourceTree = "<group>"; };
		CE6DBCF521146DEC00041082 /* GradiantView.swift */ = {isa = PBXFileReference; lastKnownFileType = sourcecode.swift; name = GradiantView.swift; path = Smack/View/GradiantView.swift; sourceTree = SOURCE_ROOT; };
		CE6DBCF82114777800041082 /* Constants.swift */ = {isa = PBXFileReference; lastKnownFileType = sourcecode.swift; path = Constants.swift; sourceTree = "<group>"; };
		CE6DBCFA21155E3400041082 /* LoginVC.swift */ = {isa = PBXFileReference; lastKnownFileType = sourcecode.swift; path = LoginVC.swift; sourceTree = "<group>"; };
/* End PBXFileReference section */

/* Begin PBXFrameworksBuildPhase section */
		CE6DBCD12114275A00041082 /* Frameworks */ = {
			isa = PBXFrameworksBuildPhase;
			buildActionMask = 2147483647;
			files = (
				90722104BCB2D3B8CDFC42A4 /* Pods_Smack.framework in Frameworks */,
			);
			runOnlyForDeploymentPostprocessing = 0;
		};
/* End PBXFrameworksBuildPhase section */

/* Begin PBXGroup section */
		11E0A814002A22AE2F2B3444 /* Frameworks */ = {
			isa = PBXGroup;
			children = (
				688D220486448EC460F4671E /* Pods_Smack.framework */,
			);
			name = Frameworks;
			sourceTree = "<group>";
		};
		CE6DBCCB2114275A00041082 = {
			isa = PBXGroup;
			children = (
				CE6DBCD62114275A00041082 /* Smack */,
				CE6DBCD52114275A00041082 /* Products */,
				E3D423867C70F607AF34D322 /* Pods */,
				11E0A814002A22AE2F2B3444 /* Frameworks */,
			);
			sourceTree = "<group>";
		};
		CE6DBCD52114275A00041082 /* Products */ = {
			isa = PBXGroup;
			children = (
				CE6DBCD42114275A00041082 /* Smack.app */,
			);
			name = Products;
			sourceTree = "<group>";
		};
		CE6DBCD62114275A00041082 /* Smack */ = {
			isa = PBXGroup;
			children = (
				CE6DBCEE211434AA00041082 /* Model */,
				CE6DBCF72114775F00041082 /* Utilities */,
				CE6DBCEF211434BE00041082 /* View */,
				CE6DBCF0211434C400041082 /* Controller */,
				CE6DBCE92114322D00041082 /* Supporting Files */,
				CE6DBCD72114275A00041082 /* AppDelegate.swift */,
				CE6DBCDB2114275A00041082 /* Main.storyboard */,
				CE6DBCDE2114275B00041082 /* Assets.xcassets */,
				CE6DBCE02114275B00041082 /* LaunchScreen.storyboard */,
				CE6DBCE32114275B00041082 /* Info.plist */,
			);
			path = Smack;
			sourceTree = "<group>";
		};
		CE6DBCE92114322D00041082 /* Supporting Files */ = {
			isa = PBXGroup;
			children = (
				CE6DBCEB2114325600041082 /* SWRevealViewController.h */,
				CE6DBCEC2114325700041082 /* SWRevealViewController.m */,
				CE6DBCEA2114325500041082 /* Smack-Bridging-Header.h */,
			);
			path = "Supporting Files";
			sourceTree = "<group>";
		};
		CE6DBCEE211434AA00041082 /* Model */ = {
			isa = PBXGroup;
			children = (
			);
			path = Model;
			sourceTree = "<group>";
		};
		CE6DBCEF211434BE00041082 /* View */ = {
			isa = PBXGroup;
			children = (
				CE6DBCF521146DEC00041082 /* GradiantView.swift */,
			);
			path = View;
			sourceTree = "<group>";
		};
		CE6DBCF0211434C400041082 /* Controller */ = {
			isa = PBXGroup;
			children = (
				CE6DBCF12114362700041082 /* ChatVC.swift */,
				CE6DBCF32114363700041082 /* ChannelVC.swift */,
				CE6DBCFA21155E3400041082 /* LoginVC.swift */,
			);
			path = Controller;
			sourceTree = "<group>";
		};
		CE6DBCF72114775F00041082 /* Utilities */ = {
			isa = PBXGroup;
			children = (
				CE6DBCF82114777800041082 /* Constants.swift */,
			);
			path = Utilities;
			sourceTree = "<group>";
		};
		E3D423867C70F607AF34D322 /* Pods */ = {
			isa = PBXGroup;
			children = (
				50D64583A44466D10A0BCEEC /* Pods-Smack.debug.xcconfig */,
				AA71138FF5A7845CA822EBA5 /* Pods-Smack.release.xcconfig */,
			);
			name = Pods;
			sourceTree = "<group>";
		};
/* End PBXGroup section */

/* Begin PBXNativeTarget section */
		CE6DBCD32114275A00041082 /* Smack */ = {
			isa = PBXNativeTarget;
			buildConfigurationList = CE6DBCE62114275B00041082 /* Build configuration list for PBXNativeTarget "Smack" */;
			buildPhases = (
				56A0AA45914ADA8AB59713B8 /* [CP] Check Pods Manifest.lock */,
				CE6DBCD02114275A00041082 /* Sources */,
				CE6DBCD12114275A00041082 /* Frameworks */,
				CE6DBCD22114275A00041082 /* Resources */,
				6222E54C955D7840C8844802 /* [CP] Embed Pods Frameworks */,
			);
			buildRules = (
			);
			dependencies = (
			);
			name = Smack;
			productName = Smack;
			productReference = CE6DBCD42114275A00041082 /* Smack.app */;
			productType = "com.apple.product-type.application";
		};
/* End PBXNativeTarget section */

/* Begin PBXProject section */
		CE6DBCCC2114275A00041082 /* Project object */ = {
			isa = PBXProject;
			attributes = {
				LastSwiftUpdateCheck = 1000;
				LastUpgradeCheck = 1000;
				ORGANIZATIONNAME = user;
				TargetAttributes = {
					CE6DBCD32114275A00041082 = {
						CreatedOnToolsVersion = 10.0;
						LastSwiftMigration = 1000;
					};
				};
			};
			buildConfigurationList = CE6DBCCF2114275A00041082 /* Build configuration list for PBXProject "Smack" */;
			compatibilityVersion = "Xcode 9.3";
			developmentRegion = en;
			hasScannedForEncodings = 0;
			knownRegions = (
				en,
				Base,
			);
			mainGroup = CE6DBCCB2114275A00041082;
			productRefGroup = CE6DBCD52114275A00041082 /* Products */;
			projectDirPath = "";
			projectRoot = "";
			targets = (
				CE6DBCD32114275A00041082 /* Smack */,
			);
		};
/* End PBXProject section */

/* Begin PBXResourcesBuildPhase section */
		CE6DBCD22114275A00041082 /* Resources */ = {
			isa = PBXResourcesBuildPhase;
			buildActionMask = 2147483647;
			files = (
				CE6DBCE22114275B00041082 /* LaunchScreen.storyboard in Resources */,
				CE6DBCDF2114275B00041082 /* Assets.xcassets in Resources */,
				CE6DBCDD2114275A00041082 /* Main.storyboard in Resources */,
			);
			runOnlyForDeploymentPostprocessing = 0;
		};
/* End PBXResourcesBuildPhase section */

/* Begin PBXShellScriptBuildPhase section */
		56A0AA45914ADA8AB59713B8 /* [CP] Check Pods Manifest.lock */ = {
			isa = PBXShellScriptBuildPhase;
			buildActionMask = 2147483647;
			files = (
			);
			inputPaths = (
				"${PODS_PODFILE_DIR_PATH}/Podfile.lock",
				"${PODS_ROOT}/Manifest.lock",
			);
			name = "[CP] Check Pods Manifest.lock";
			outputPaths = (
				"$(DERIVED_FILE_DIR)/Pods-Smack-checkManifestLockResult.txt",
			);
			runOnlyForDeploymentPostprocessing = 0;
			shellPath = /bin/sh;
			shellScript = "diff \"${PODS_PODFILE_DIR_PATH}/Podfile.lock\" \"${PODS_ROOT}/Manifest.lock\" > /dev/null\nif [ $? != 0 ] ; then\n    # print error to STDERR\n    echo \"error: The sandbox is not in sync with the Podfile.lock. Run 'pod install' or update your CocoaPods installation.\" >&2\n    exit 1\nfi\n# This output is used by Xcode 'outputs' to avoid re-running this script phase.\necho \"SUCCESS\" > \"${SCRIPT_OUTPUT_FILE_0}\"\n";
			showEnvVarsInLog = 0;
		};
		6222E54C955D7840C8844802 /* [CP] Embed Pods Frameworks */ = {
			isa = PBXShellScriptBuildPhase;
			buildActionMask = 2147483647;
			files = (
			);
			inputPaths = (
				"${SRCROOT}/Pods/Target Support Files/Pods-Smack/Pods-Smack-frameworks.sh",
				"${BUILT_PRODUCTS_DIR}/Alamofire/Alamofire.framework",
				"${BUILT_PRODUCTS_DIR}/Socket.IO-Client-Swift/SocketIO.framework",
				"${BUILT_PRODUCTS_DIR}/Starscream/Starscream.framework",
				"${BUILT_PRODUCTS_DIR}/SwiftyJSON/SwiftyJSON.framework",
			);
			name = "[CP] Embed Pods Frameworks";
			outputPaths = (
				"${TARGET_BUILD_DIR}/${FRAMEWORKS_FOLDER_PATH}/Alamofire.framework",
				"${TARGET_BUILD_DIR}/${FRAMEWORKS_FOLDER_PATH}/SocketIO.framework",
				"${TARGET_BUILD_DIR}/${FRAMEWORKS_FOLDER_PATH}/Starscream.framework",
				"${TARGET_BUILD_DIR}/${FRAMEWORKS_FOLDER_PATH}/SwiftyJSON.framework",
			);
			runOnlyForDeploymentPostprocessing = 0;
			shellPath = /bin/sh;
			shellScript = "\"${SRCROOT}/Pods/Target Support Files/Pods-Smack/Pods-Smack-frameworks.sh\"\n";
			showEnvVarsInLog = 0;
		};
/* End PBXShellScriptBuildPhase section */

/* Begin PBXSourcesBuildPhase section */
		CE6DBCD02114275A00041082 /* Sources */ = {
			isa = PBXSourcesBuildPhase;
			buildActionMask = 2147483647;
			files = (
				CE6DBCF621146DEC00041082 /* GradiantView.swift in Sources */,
				CE6DBCF42114363700041082 /* ChannelVC.swift in Sources */,
				CE6DBCFB21155E3400041082 /* LoginVC.swift in Sources */,
				CE6DBCF22114362700041082 /* ChatVC.swift in Sources */,
				CE6DBCD82114275A00041082 /* AppDelegate.swift in Sources */,
				CE6DBCED2114325700041082 /* SWRevealViewController.m in Sources */,
				CE6DBCF92114777800041082 /* Constants.swift in Sources */,
			);
			runOnlyForDeploymentPostprocessing = 0;
		};
/* End PBXSourcesBuildPhase section */

/* Begin PBXVariantGroup section */
		CE6DBCDB2114275A00041082 /* Main.storyboard */ = {
			isa = PBXVariantGroup;
			children = (
				CE6DBCDC2114275A00041082 /* Base */,
			);
			name = Main.storyboard;
			sourceTree = "<group>";
		};
		CE6DBCE02114275B00041082 /* LaunchScreen.storyboard */ = {
			isa = PBXVariantGroup;
			children = (
				CE6DBCE12114275B00041082 /* Base */,
			);
			name = LaunchScreen.storyboard;
			sourceTree = "<group>";
		};
/* End PBXVariantGroup section */

/* Begin XCBuildConfiguration section */
		CE6DBCE42114275B00041082 /* Debug */ = {
			isa = XCBuildConfiguration;
			buildSettings = {
				ALWAYS_SEARCH_USER_PATHS = NO;
				CLANG_ANALYZER_NONNULL = YES;
				CLANG_ANALYZER_NUMBER_OBJECT_CONVERSION = YES_AGGRESSIVE;
				CLANG_CXX_LANGUAGE_STANDARD = "gnu++14";
				CLANG_CXX_LIBRARY = "libc++";
				CLANG_ENABLE_MODULES = YES;
				CLANG_ENABLE_OBJC_ARC = YES;
				CLANG_ENABLE_OBJC_WEAK = YES;
				CLANG_WARN_BLOCK_CAPTURE_AUTORELEASING = YES;
				CLANG_WARN_BOOL_CONVERSION = YES;
				CLANG_WARN_COMMA = YES;
				CLANG_WARN_CONSTANT_CONVERSION = YES;
				CLANG_WARN_DEPRECATED_OBJC_IMPLEMENTATIONS = YES;
				CLANG_WARN_DIRECT_OBJC_ISA_USAGE = YES_ERROR;
				CLANG_WARN_DOCUMENTATION_COMMENTS = YES;
				CLANG_WARN_EMPTY_BODY = YES;
				CLANG_WARN_ENUM_CONVERSION = YES;
				CLANG_WARN_INFINITE_RECURSION = YES;
				CLANG_WARN_INT_CONVERSION = YES;
				CLANG_WARN_NON_LITERAL_NULL_CONVERSION = YES;
				CLANG_WARN_OBJC_IMPLICIT_RETAIN_SELF = YES;
				CLANG_WARN_OBJC_LITERAL_CONVERSION = YES;
				CLANG_WARN_OBJC_ROOT_CLASS = YES_ERROR;
				CLANG_WARN_RANGE_LOOP_ANALYSIS = YES;
				CLANG_WARN_STRICT_PROTOTYPES = YES;
				CLANG_WARN_SUSPICIOUS_MOVE = YES;
				CLANG_WARN_UNGUARDED_AVAILABILITY = YES_AGGRESSIVE;
				CLANG_WARN_UNREACHABLE_CODE = YES;
				CLANG_WARN__DUPLICATE_METHOD_MATCH = YES;
				CODE_SIGN_IDENTITY = "iPhone Developer";
				COPY_PHASE_STRIP = NO;
				DEBUG_INFORMATION_FORMAT = dwarf;
				ENABLE_STRICT_OBJC_MSGSEND = YES;
				ENABLE_TESTABILITY = YES;
				GCC_C_LANGUAGE_STANDARD = gnu11;
				GCC_DYNAMIC_NO_PIC = NO;
				GCC_NO_COMMON_BLOCKS = YES;
				GCC_OPTIMIZATION_LEVEL = 0;
				GCC_PREPROCESSOR_DEFINITIONS = (
					"DEBUG=1",
					"$(inherited)",
				);
				GCC_WARN_64_TO_32_BIT_CONVERSION = YES;
				GCC_WARN_ABOUT_RETURN_TYPE = YES_ERROR;
				GCC_WARN_UNDECLARED_SELECTOR = YES;
				GCC_WARN_UNINITIALIZED_AUTOS = YES_AGGRESSIVE;
				GCC_WARN_UNUSED_FUNCTION = YES;
				GCC_WARN_UNUSED_VARIABLE = YES;
				IPHONEOS_DEPLOYMENT_TARGET = 12.0;
				MTL_ENABLE_DEBUG_INFO = INCLUDE_SOURCE;
				MTL_FAST_MATH = YES;
				ONLY_ACTIVE_ARCH = YES;
				SDKROOT = iphoneos;
				SWIFT_ACTIVE_COMPILATION_CONDITIONS = DEBUG;
				SWIFT_OPTIMIZATION_LEVEL = "-Onone";
			};
			name = Debug;
		};
		CE6DBCE52114275B00041082 /* Release */ = {
			isa = XCBuildConfiguration;
			buildSettings = {
				ALWAYS_SEARCH_USER_PATHS = NO;
				CLANG_ANALYZER_NONNULL = YES;
				CLANG_ANALYZER_NUMBER_OBJECT_CONVERSION = YES_AGGRESSIVE;
				CLANG_CXX_LANGUAGE_STANDARD = "gnu++14";
				CLANG_CXX_LIBRARY = "libc++";
				CLANG_ENABLE_MODULES = YES;
				CLANG_ENABLE_OBJC_ARC = YES;
				CLANG_ENABLE_OBJC_WEAK = YES;
				CLANG_WARN_BLOCK_CAPTURE_AUTORELEASING = YES;
				CLANG_WARN_BOOL_CONVERSION = YES;
				CLANG_WARN_COMMA = YES;
				CLANG_WARN_CONSTANT_CONVERSION = YES;
				CLANG_WARN_DEPRECATED_OBJC_IMPLEMENTATIONS = YES;
				CLANG_WARN_DIRECT_OBJC_ISA_USAGE = YES_ERROR;
				CLANG_WARN_DOCUMENTATION_COMMENTS = YES;
				CLANG_WARN_EMPTY_BODY = YES;
				CLANG_WARN_ENUM_CONVERSION = YES;
				CLANG_WARN_INFINITE_RECURSION = YES;
				CLANG_WARN_INT_CONVERSION = YES;
				CLANG_WARN_NON_LITERAL_NULL_CONVERSION = YES;
				CLANG_WARN_OBJC_IMPLICIT_RETAIN_SELF = YES;
				CLANG_WARN_OBJC_LITERAL_CONVERSION = YES;
				CLANG_WARN_OBJC_ROOT_CLASS = YES_ERROR;
				CLANG_WARN_RANGE_LOOP_ANALYSIS = YES;
				CLANG_WARN_STRICT_PROTOTYPES = YES;
				CLANG_WARN_SUSPICIOUS_MOVE = YES;
				CLANG_WARN_UNGUARDED_AVAILABILITY = YES_AGGRESSIVE;
				CLANG_WARN_UNREACHABLE_CODE = YES;
				CLANG_WARN__DUPLICATE_METHOD_MATCH = YES;
				CODE_SIGN_IDENTITY = "iPhone Developer";
				COPY_PHASE_STRIP = NO;
				DEBUG_INFORMATION_FORMAT = "dwarf-with-dsym";
				ENABLE_NS_ASSERTIONS = NO;
				ENABLE_STRICT_OBJC_MSGSEND = YES;
				GCC_C_LANGUAGE_STANDARD = gnu11;
				GCC_NO_COMMON_BLOCKS = YES;
				GCC_WARN_64_TO_32_BIT_CONVERSION = YES;
				GCC_WARN_ABOUT_RETURN_TYPE = YES_ERROR;
				GCC_WARN_UNDECLARED_SELECTOR = YES;
				GCC_WARN_UNINITIALIZED_AUTOS = YES_AGGRESSIVE;
				GCC_WARN_UNUSED_FUNCTION = YES;
				GCC_WARN_UNUSED_VARIABLE = YES;
				IPHONEOS_DEPLOYMENT_TARGET = 12.0;
				MTL_ENABLE_DEBUG_INFO = NO;
				MTL_FAST_MATH = YES;
				SDKROOT = iphoneos;
				SWIFT_COMPILATION_MODE = wholemodule;
				SWIFT_OPTIMIZATION_LEVEL = "-O";
				VALIDATE_PRODUCT = YES;
			};
			name = Release;
		};
		CE6DBCE72114275B00041082 /* Debug */ = {
			isa = XCBuildConfiguration;
			baseConfigurationReference = 50D64583A44466D10A0BCEEC /* Pods-Smack.debug.xcconfig */;
			buildSettings = {
				ASSETCATALOG_COMPILER_APPICON_NAME = AppIcon;
				CLANG_ENABLE_MODULES = YES;
				CODE_SIGN_STYLE = Automatic;
				DEVELOPMENT_TEAM = CQW554G3VL;
				INFOPLIST_FILE = Smack/Info.plist;
				LD_RUNPATH_SEARCH_PATHS = (
					"$(inherited)",
					"@executable_path/Frameworks",
				);
				PRODUCT_BUNDLE_IDENTIFIER = swift.Smack;
				PRODUCT_NAME = "$(TARGET_NAME)";
				SWIFT_OBJC_BRIDGING_HEADER = "Smack/Supporting Files/Smack-Bridging-Header.h";
				SWIFT_OPTIMIZATION_LEVEL = "-Onone";
				SWIFT_VERSION = 4.2;
				TARGETED_DEVICE_FAMILY = "1,2";
			};
			name = Debug;
		};
		CE6DBCE82114275B00041082 /* Release */ = {
			isa = XCBuildConfiguration;
			baseConfigurationReference = AA71138FF5A7845CA822EBA5 /* Pods-Smack.release.xcconfig */;
			buildSettings = {
				ASSETCATALOG_COMPILER_APPICON_NAME = AppIcon;
				CLANG_ENABLE_MODULES = YES;
				CODE_SIGN_STYLE = Automatic;
				DEVELOPMENT_TEAM = CQW554G3VL;
				INFOPLIST_FILE = Smack/Info.plist;
				LD_RUNPATH_SEARCH_PATHS = (
					"$(inherited)",
					"@executable_path/Frameworks",
				);
				PRODUCT_BUNDLE_IDENTIFIER = swift.Smack;
				PRODUCT_NAME = "$(TARGET_NAME)";
				SWIFT_OBJC_BRIDGING_HEADER = "Smack/Supporting Files/Smack-Bridging-Header.h";
				SWIFT_VERSION = 4.2;
				TARGETED_DEVICE_FAMILY = "1,2";
			};
			name = Release;
		};
/* End XCBuildConfiguration section */

/* Begin XCConfigurationList section */
		CE6DBCCF2114275A00041082 /* Build configuration list for PBXProject "Smack" */ = {
			isa = XCConfigurationList;
			buildConfigurations = (
				CE6DBCE42114275B00041082 /* Debug */,
				CE6DBCE52114275B00041082 /* Release */,
			);
			defaultConfigurationIsVisible = 0;
			defaultConfigurationName = Release;
		};
		CE6DBCE62114275B00041082 /* Build configuration list for PBXNativeTarget "Smack" */ = {
			isa = XCConfigurationList;
			buildConfigurations = (
				CE6DBCE72114275B00041082 /* Debug */,
				CE6DBCE82114275B00041082 /* Release */,
			);
			defaultConfigurationIsVisible = 0;
			defaultConfigurationName = Release;
		};
/* End XCConfigurationList section */
	};
	rootObject = CE6DBCCC2114275A00041082 /* Project object */;
}
